// !$*UTF8*$!
{
	archiveVersion = 1;
	classes = {
	};
	objectVersion = 56;
	objects = {

/* Begin PBXBuildFile section */
		FA331D72286564DC00125729 /* Desserts.json in Resources */ = {isa = PBXBuildFile; fileRef = FA6BF28F2864D9A000050D5E /* Desserts.json */; };
		FA331D73286564DC00125729 /* Meals.json in Resources */ = {isa = PBXBuildFile; fileRef = FA6BF28E2864D9A000050D5E /* Meals.json */; };
		FA6BF2552864D80A00050D5E /* NavigatingFoodApp.swift in Sources */ = {isa = PBXBuildFile; fileRef = FA6BF2542864D80A00050D5E /* NavigatingFoodApp.swift */; };
		FA6BF2572864D80A00050D5E /* ContentView.swift in Sources */ = {isa = PBXBuildFile; fileRef = FA6BF2562864D80A00050D5E /* ContentView.swift */; };
		FA6BF2592864D80B00050D5E /* Assets.xcassets in Resources */ = {isa = PBXBuildFile; fileRef = FA6BF2582864D80B00050D5E /* Assets.xcassets */; };
		FA6BF25D2864D80B00050D5E /* Preview Assets.xcassets in Resources */ = {isa = PBXBuildFile; fileRef = FA6BF25C2864D80B00050D5E /* Preview Assets.xcassets */; };
		FA6BF2672864D80B00050D5E /* NavigatingFoodTests.swift in Sources */ = {isa = PBXBuildFile; fileRef = FA6BF2662864D80B00050D5E /* NavigatingFoodTests.swift */; };
		FA6BF2712864D80B00050D5E /* NavigatingFoodUITests.swift in Sources */ = {isa = PBXBuildFile; fileRef = FA6BF2702864D80B00050D5E /* NavigatingFoodUITests.swift */; };
		FA6BF2732864D80B00050D5E /* NavigatingFoodUITestsLaunchTests.swift in Sources */ = {isa = PBXBuildFile; fileRef = FA6BF2722864D80B00050D5E /* NavigatingFoodUITestsLaunchTests.swift */; };
		FA6BF2812864D87900050D5E /* DessertListView.swift in Sources */ = {isa = PBXBuildFile; fileRef = FA6BF2802864D87900050D5E /* DessertListView.swift */; };
		FA6BF2822864D87900050D5E /* DessertDetailView.swift in Sources */ = {isa = PBXBuildFile; fileRef = FA6BF27F2864D87900050D5E /* DessertDetailView.swift */; };
		FA6BF2842864D88C00050D5E /* DessertDetailsViewModel.swift in Sources */ = {isa = PBXBuildFile; fileRef = FA6BF2832864D88C00050D5E /* DessertDetailsViewModel.swift */; };
		FA6BF2862864D89300050D5E /* DessertFetcher.swift in Sources */ = {isa = PBXBuildFile; fileRef = FA6BF2852864D89300050D5E /* DessertFetcher.swift */; };
		FA6BF28B2864D93100050D5E /* DessertModels.swift in Sources */ = {isa = PBXBuildFile; fileRef = FA6BF28A2864D93100050D5E /* DessertModels.swift */; };
		FA6BF2932864DA0500050D5E /* Errors.swift in Sources */ = {isa = PBXBuildFile; fileRef = FA6BF2912864DA0500050D5E /* Errors.swift */; };
		FA6BF2942864DA0500050D5E /* Logs.swift in Sources */ = {isa = PBXBuildFile; fileRef = FA6BF2922864DA0500050D5E /* Logs.swift */; };
/* End PBXBuildFile section */

/* Begin PBXContainerItemProxy section */
		FA6BF2632864D80B00050D5E /* PBXContainerItemProxy */ = {
			isa = PBXContainerItemProxy;
			containerPortal = FA6BF2492864D80A00050D5E /* Project object */;
			proxyType = 1;
			remoteGlobalIDString = FA6BF2502864D80A00050D5E;
			remoteInfo = NavigatingFood;
		};
		FA6BF26D2864D80B00050D5E /* PBXContainerItemProxy */ = {
			isa = PBXContainerItemProxy;
			containerPortal = FA6BF2492864D80A00050D5E /* Project object */;
			proxyType = 1;
			remoteGlobalIDString = FA6BF2502864D80A00050D5E;
			remoteInfo = NavigatingFood;
		};
/* End PBXContainerItemProxy section */

/* Begin PBXFileReference section */
		FA6BF2512864D80A00050D5E /* NavigatingFood.app */ = {isa = PBXFileReference; explicitFileType = wrapper.application; includeInIndex = 0; path = NavigatingFood.app; sourceTree = BUILT_PRODUCTS_DIR; };
		FA6BF2542864D80A00050D5E /* NavigatingFoodApp.swift */ = {isa = PBXFileReference; lastKnownFileType = sourcecode.swift; path = NavigatingFoodApp.swift; sourceTree = "<group>"; };
		FA6BF2562864D80A00050D5E /* ContentView.swift */ = {isa = PBXFileReference; lastKnownFileType = sourcecode.swift; path = ContentView.swift; sourceTree = "<group>"; };
		FA6BF2582864D80B00050D5E /* Assets.xcassets */ = {isa = PBXFileReference; lastKnownFileType = folder.assetcatalog; path = Assets.xcassets; sourceTree = "<group>"; };
		FA6BF25A2864D80B00050D5E /* NavigatingFood.entitlements */ = {isa = PBXFileReference; lastKnownFileType = text.plist.entitlements; path = NavigatingFood.entitlements; sourceTree = "<group>"; };
		FA6BF25C2864D80B00050D5E /* Preview Assets.xcassets */ = {isa = PBXFileReference; lastKnownFileType = folder.assetcatalog; path = "Preview Assets.xcassets"; sourceTree = "<group>"; };
		FA6BF2622864D80B00050D5E /* NavigatingFoodTests.xctest */ = {isa = PBXFileReference; explicitFileType = wrapper.cfbundle; includeInIndex = 0; path = NavigatingFoodTests.xctest; sourceTree = BUILT_PRODUCTS_DIR; };
		FA6BF2662864D80B00050D5E /* NavigatingFoodTests.swift */ = {isa = PBXFileReference; lastKnownFileType = sourcecode.swift; path = NavigatingFoodTests.swift; sourceTree = "<group>"; };
		FA6BF26C2864D80B00050D5E /* NavigatingFoodUITests.xctest */ = {isa = PBXFileReference; explicitFileType = wrapper.cfbundle; includeInIndex = 0; path = NavigatingFoodUITests.xctest; sourceTree = BUILT_PRODUCTS_DIR; };
		FA6BF2702864D80B00050D5E /* NavigatingFoodUITests.swift */ = {isa = PBXFileReference; lastKnownFileType = sourcecode.swift; path = NavigatingFoodUITests.swift; sourceTree = "<group>"; };
		FA6BF2722864D80B00050D5E /* NavigatingFoodUITestsLaunchTests.swift */ = {isa = PBXFileReference; lastKnownFileType = sourcecode.swift; path = NavigatingFoodUITestsLaunchTests.swift; sourceTree = "<group>"; };
		FA6BF27F2864D87900050D5E /* DessertDetailView.swift */ = {isa = PBXFileReference; lastKnownFileType = sourcecode.swift; path = DessertDetailView.swift; sourceTree = "<group>"; };
		FA6BF2802864D87900050D5E /* DessertListView.swift */ = {isa = PBXFileReference; lastKnownFileType = sourcecode.swift; path = DessertListView.swift; sourceTree = "<group>"; };
		FA6BF2832864D88C00050D5E /* DessertDetailsViewModel.swift */ = {isa = PBXFileReference; lastKnownFileType = sourcecode.swift; path = DessertDetailsViewModel.swift; sourceTree = "<group>"; };
		FA6BF2852864D89300050D5E /* DessertFetcher.swift */ = {isa = PBXFileReference; lastKnownFileType = sourcecode.swift; path = DessertFetcher.swift; sourceTree = "<group>"; };
		FA6BF28A2864D93100050D5E /* DessertModels.swift */ = {isa = PBXFileReference; lastKnownFileType = sourcecode.swift; path = DessertModels.swift; sourceTree = "<group>"; };
		FA6BF28E2864D9A000050D5E /* Meals.json */ = {isa = PBXFileReference; lastKnownFileType = text.json; path = Meals.json; sourceTree = "<group>"; };
		FA6BF28F2864D9A000050D5E /* Desserts.json */ = {isa = PBXFileReference; lastKnownFileType = text.json; path = Desserts.json; sourceTree = "<group>"; };
		FA6BF2912864DA0500050D5E /* Errors.swift */ = {isa = PBXFileReference; lastKnownFileType = sourcecode.swift; path = Errors.swift; sourceTree = "<group>"; };
		FA6BF2922864DA0500050D5E /* Logs.swift */ = {isa = PBXFileReference; lastKnownFileType = sourcecode.swift; path = Logs.swift; sourceTree = "<group>"; };
/* End PBXFileReference section */

/* Begin PBXFrameworksBuildPhase section */
		FA6BF24E2864D80A00050D5E /* Frameworks */ = {
			isa = PBXFrameworksBuildPhase;
			buildActionMask = 2147483647;
			files = (
			);
			runOnlyForDeploymentPostprocessing = 0;
		};
		FA6BF25F2864D80B00050D5E /* Frameworks */ = {
			isa = PBXFrameworksBuildPhase;
			buildActionMask = 2147483647;
			files = (
			);
			runOnlyForDeploymentPostprocessing = 0;
		};
		FA6BF2692864D80B00050D5E /* Frameworks */ = {
			isa = PBXFrameworksBuildPhase;
			buildActionMask = 2147483647;
			files = (
			);
			runOnlyForDeploymentPostprocessing = 0;
		};
/* End PBXFrameworksBuildPhase section */

/* Begin PBXGroup section */
		FA6BF2482864D80A00050D5E = {
			isa = PBXGroup;
			children = (
				FA6BF2532864D80A00050D5E /* NavigatingFood */,
				FA6BF2652864D80B00050D5E /* NavigatingFoodTests */,
				FA6BF26F2864D80B00050D5E /* NavigatingFoodUITests */,
				FA6BF2522864D80A00050D5E /* Products */,
			);
			sourceTree = "<group>";
		};
		FA6BF2522864D80A00050D5E /* Products */ = {
			isa = PBXGroup;
			children = (
				FA6BF2512864D80A00050D5E /* NavigatingFood.app */,
				FA6BF2622864D80B00050D5E /* NavigatingFoodTests.xctest */,
				FA6BF26C2864D80B00050D5E /* NavigatingFoodUITests.xctest */,
			);
			name = Products;
			sourceTree = "<group>";
		};
		FA6BF2532864D80A00050D5E /* NavigatingFood */ = {
			isa = PBXGroup;
			children = (
				FA6BF2542864D80A00050D5E /* NavigatingFoodApp.swift */,
				FA6BF2872864D8B600050D5E /* Views */,
				FA6BF2882864D8CC00050D5E /* ViewModels */,
				FA6BF2892864D8DA00050D5E /* Fetchers */,
				FA6BF28C2864D93D00050D5E /* Models */,
				FA6BF2952864DA1C00050D5E /* Utils */,
				FA6BF2582864D80B00050D5E /* Assets.xcassets */,
				FA6BF25A2864D80B00050D5E /* NavigatingFood.entitlements */,
				FA6BF25B2864D80B00050D5E /* Preview Content */,
			);
			path = NavigatingFood;
			sourceTree = "<group>";
		};
		FA6BF25B2864D80B00050D5E /* Preview Content */ = {
			isa = PBXGroup;
			children = (
				FA6BF25C2864D80B00050D5E /* Preview Assets.xcassets */,
			);
			path = "Preview Content";
			sourceTree = "<group>";
		};
		FA6BF2652864D80B00050D5E /* NavigatingFoodTests */ = {
			isa = PBXGroup;
			children = (
				FA6BF2902864D9AA00050D5E /* TestData */,
				FA6BF28D2864D99000050D5E /* Cases */,
			);
			path = NavigatingFoodTests;
			sourceTree = "<group>";
		};
		FA6BF26F2864D80B00050D5E /* NavigatingFoodUITests */ = {
			isa = PBXGroup;
			children = (
				FA6BF2702864D80B00050D5E /* NavigatingFoodUITests.swift */,
				FA6BF2722864D80B00050D5E /* NavigatingFoodUITestsLaunchTests.swift */,
			);
			path = NavigatingFoodUITests;
			sourceTree = "<group>";
		};
		FA6BF2872864D8B600050D5E /* Views */ = {
			isa = PBXGroup;
			children = (
				FA6BF2562864D80A00050D5E /* ContentView.swift */,
				FA6BF27F2864D87900050D5E /* DessertDetailView.swift */,
				FA6BF2802864D87900050D5E /* DessertListView.swift */,
			);
			path = Views;
			sourceTree = "<group>";
		};
		FA6BF2882864D8CC00050D5E /* ViewModels */ = {
			isa = PBXGroup;
			children = (
				FA6BF2832864D88C00050D5E /* DessertDetailsViewModel.swift */,
			);
			path = ViewModels;
			sourceTree = "<group>";
		};
		FA6BF2892864D8DA00050D5E /* Fetchers */ = {
			isa = PBXGroup;
			children = (
				FA6BF2852864D89300050D5E /* DessertFetcher.swift */,
			);
			path = Fetchers;
			sourceTree = "<group>";
		};
		FA6BF28C2864D93D00050D5E /* Models */ = {
			isa = PBXGroup;
			children = (
				FA6BF28A2864D93100050D5E /* DessertModels.swift */,
			);
			path = Models;
			sourceTree = "<group>";
		};
		FA6BF28D2864D99000050D5E /* Cases */ = {
			isa = PBXGroup;
			children = (
				FA6BF2662864D80B00050D5E /* NavigatingFoodTests.swift */,
			);
			path = Cases;
			sourceTree = "<group>";
		};
		FA6BF2902864D9AA00050D5E /* TestData */ = {
			isa = PBXGroup;
			children = (
				FA6BF28F2864D9A000050D5E /* Desserts.json */,
				FA6BF28E2864D9A000050D5E /* Meals.json */,
			);
			path = TestData;
			sourceTree = "<group>";
		};
		FA6BF2952864DA1C00050D5E /* Utils */ = {
			isa = PBXGroup;
			children = (
				FA6BF2912864DA0500050D5E /* Errors.swift */,
				FA6BF2922864DA0500050D5E /* Logs.swift */,
			);
			path = Utils;
			sourceTree = "<group>";
		};
/* End PBXGroup section */

/* Begin PBXNativeTarget section */
		FA6BF2502864D80A00050D5E /* NavigatingFood */ = {
			isa = PBXNativeTarget;
			buildConfigurationList = FA6BF2762864D80B00050D5E /* Build configuration list for PBXNativeTarget "NavigatingFood" */;
			buildPhases = (
				FA6BF24D2864D80A00050D5E /* Sources */,
				FA6BF24E2864D80A00050D5E /* Frameworks */,
				FA6BF24F2864D80A00050D5E /* Resources */,
			);
			buildRules = (
			);
			dependencies = (
			);
			name = NavigatingFood;
			productName = NavigatingFood;
			productReference = FA6BF2512864D80A00050D5E /* NavigatingFood.app */;
			productType = "com.apple.product-type.application";
		};
		FA6BF2612864D80B00050D5E /* NavigatingFoodTests */ = {
			isa = PBXNativeTarget;
			buildConfigurationList = FA6BF2792864D80B00050D5E /* Build configuration list for PBXNativeTarget "NavigatingFoodTests" */;
			buildPhases = (
				FA6BF25E2864D80B00050D5E /* Sources */,
				FA6BF25F2864D80B00050D5E /* Frameworks */,
				FA6BF2602864D80B00050D5E /* Resources */,
			);
			buildRules = (
			);
			dependencies = (
				FA6BF2642864D80B00050D5E /* PBXTargetDependency */,
			);
			name = NavigatingFoodTests;
			productName = NavigatingFoodTests;
			productReference = FA6BF2622864D80B00050D5E /* NavigatingFoodTests.xctest */;
			productType = "com.apple.product-type.bundle.unit-test";
		};
		FA6BF26B2864D80B00050D5E /* NavigatingFoodUITests */ = {
			isa = PBXNativeTarget;
			buildConfigurationList = FA6BF27C2864D80B00050D5E /* Build configuration list for PBXNativeTarget "NavigatingFoodUITests" */;
			buildPhases = (
				FA6BF2682864D80B00050D5E /* Sources */,
				FA6BF2692864D80B00050D5E /* Frameworks */,
				FA6BF26A2864D80B00050D5E /* Resources */,
			);
			buildRules = (
			);
			dependencies = (
				FA6BF26E2864D80B00050D5E /* PBXTargetDependency */,
			);
			name = NavigatingFoodUITests;
			productName = NavigatingFoodUITests;
			productReference = FA6BF26C2864D80B00050D5E /* NavigatingFoodUITests.xctest */;
			productType = "com.apple.product-type.bundle.ui-testing";
		};
/* End PBXNativeTarget section */

/* Begin PBXProject section */
		FA6BF2492864D80A00050D5E /* Project object */ = {
			isa = PBXProject;
			attributes = {
				BuildIndependentTargetsInParallel = 1;
				LastSwiftUpdateCheck = 1400;
				LastUpgradeCheck = 1400;
				TargetAttributes = {
					FA6BF2502864D80A00050D5E = {
						CreatedOnToolsVersion = 14.0;
					};
					FA6BF2612864D80B00050D5E = {
						CreatedOnToolsVersion = 14.0;
						TestTargetID = FA6BF2502864D80A00050D5E;
					};
					FA6BF26B2864D80B00050D5E = {
						CreatedOnToolsVersion = 14.0;
						TestTargetID = FA6BF2502864D80A00050D5E;
					};
				};
			};
			buildConfigurationList = FA6BF24C2864D80A00050D5E /* Build configuration list for PBXProject "NavigatingFood" */;
			compatibilityVersion = "Xcode 14.0";
			developmentRegion = en;
			hasScannedForEncodings = 0;
			knownRegions = (
				en,
				Base,
			);
			mainGroup = FA6BF2482864D80A00050D5E;
			productRefGroup = FA6BF2522864D80A00050D5E /* Products */;
			projectDirPath = "";
			projectRoot = "";
			targets = (
				FA6BF2502864D80A00050D5E /* NavigatingFood */,
				FA6BF2612864D80B00050D5E /* NavigatingFoodTests */,
				FA6BF26B2864D80B00050D5E /* NavigatingFoodUITests */,
			);
		};
/* End PBXProject section */

/* Begin PBXResourcesBuildPhase section */
		FA6BF24F2864D80A00050D5E /* Resources */ = {
			isa = PBXResourcesBuildPhase;
			buildActionMask = 2147483647;
			files = (
				FA6BF25D2864D80B00050D5E /* Preview Assets.xcassets in Resources */,
				FA6BF2592864D80B00050D5E /* Assets.xcassets in Resources */,
			);
			runOnlyForDeploymentPostprocessing = 0;
		};
		FA6BF2602864D80B00050D5E /* Resources */ = {
			isa = PBXResourcesBuildPhase;
			buildActionMask = 2147483647;
			files = (
				FA331D72286564DC00125729 /* Desserts.json in Resources */,
				FA331D73286564DC00125729 /* Meals.json in Resources */,
			);
			runOnlyForDeploymentPostprocessing = 0;
		};
		FA6BF26A2864D80B00050D5E /* Resources */ = {
			isa = PBXResourcesBuildPhase;
			buildActionMask = 2147483647;
			files = (
			);
			runOnlyForDeploymentPostprocessing = 0;
		};
/* End PBXResourcesBuildPhase section */

/* Begin PBXSourcesBuildPhase section */
		FA6BF24D2864D80A00050D5E /* Sources */ = {
			isa = PBXSourcesBuildPhase;
			buildActionMask = 2147483647;
			files = (
				FA6BF2862864D89300050D5E /* DessertFetcher.swift in Sources */,
				FA6BF2812864D87900050D5E /* DessertListView.swift in Sources */,
				FA6BF2572864D80A00050D5E /* ContentView.swift in Sources */,
				FA6BF2842864D88C00050D5E /* DessertDetailsViewModel.swift in Sources */,
				FA6BF2942864DA0500050D5E /* Logs.swift in Sources */,
				FA6BF2932864DA0500050D5E /* Errors.swift in Sources */,
				FA6BF2822864D87900050D5E /* DessertDetailView.swift in Sources */,
				FA6BF2552864D80A00050D5E /* NavigatingFoodApp.swift in Sources */,
				FA6BF28B2864D93100050D5E /* DessertModels.swift in Sources */,
			);
			runOnlyForDeploymentPostprocessing = 0;
		};
		FA6BF25E2864D80B00050D5E /* Sources */ = {
			isa = PBXSourcesBuildPhase;
			buildActionMask = 2147483647;
			files = (
				FA6BF2672864D80B00050D5E /* NavigatingFoodTests.swift in Sources */,
			);
			runOnlyForDeploymentPostprocessing = 0;
		};
		FA6BF2682864D80B00050D5E /* Sources */ = {
			isa = PBXSourcesBuildPhase;
			buildActionMask = 2147483647;
			files = (
				FA6BF2732864D80B00050D5E /* NavigatingFoodUITestsLaunchTests.swift in Sources */,
				FA6BF2712864D80B00050D5E /* NavigatingFoodUITests.swift in Sources */,
			);
			runOnlyForDeploymentPostprocessing = 0;
		};
/* End PBXSourcesBuildPhase section */

/* Begin PBXTargetDependency section */
		FA6BF2642864D80B00050D5E /* PBXTargetDependency */ = {
			isa = PBXTargetDependency;
			target = FA6BF2502864D80A00050D5E /* NavigatingFood */;
			targetProxy = FA6BF2632864D80B00050D5E /* PBXContainerItemProxy */;
		};
		FA6BF26E2864D80B00050D5E /* PBXTargetDependency */ = {
			isa = PBXTargetDependency;
			target = FA6BF2502864D80A00050D5E /* NavigatingFood */;
			targetProxy = FA6BF26D2864D80B00050D5E /* PBXContainerItemProxy */;
		};
/* End PBXTargetDependency section */

/* Begin XCBuildConfiguration section */
		FA6BF2742864D80B00050D5E /* Debug */ = {
			isa = XCBuildConfiguration;
			buildSettings = {
				ALWAYS_SEARCH_USER_PATHS = NO;
				CLANG_ANALYZER_NONNULL = YES;
				CLANG_ANALYZER_NUMBER_OBJECT_CONVERSION = YES_AGGRESSIVE;
				CLANG_CXX_LANGUAGE_STANDARD = "gnu++17";
				CLANG_ENABLE_MODULES = YES;
				CLANG_ENABLE_OBJC_ARC = YES;
				CLANG_ENABLE_OBJC_WEAK = YES;
				CLANG_WARN_BLOCK_CAPTURE_AUTORELEASING = YES;
				CLANG_WARN_BOOL_CONVERSION = YES;
				CLANG_WARN_COMMA = YES;
				CLANG_WARN_CONSTANT_CONVERSION = YES;
				CLANG_WARN_DEPRECATED_OBJC_IMPLEMENTATIONS = YES;
				CLANG_WARN_DIRECT_OBJC_ISA_USAGE = YES_ERROR;
				CLANG_WARN_DOCUMENTATION_COMMENTS = YES;
				CLANG_WARN_EMPTY_BODY = YES;
				CLANG_WARN_ENUM_CONVERSION = YES;
				CLANG_WARN_INFINITE_RECURSION = YES;
				CLANG_WARN_INT_CONVERSION = YES;
				CLANG_WARN_NON_LITERAL_NULL_CONVERSION = YES;
				CLANG_WARN_OBJC_IMPLICIT_RETAIN_SELF = YES;
				CLANG_WARN_OBJC_LITERAL_CONVERSION = YES;
				CLANG_WARN_OBJC_ROOT_CLASS = YES_ERROR;
				CLANG_WARN_QUOTED_INCLUDE_IN_FRAMEWORK_HEADER = YES;
				CLANG_WARN_RANGE_LOOP_ANALYSIS = YES;
				CLANG_WARN_STRICT_PROTOTYPES = YES;
				CLANG_WARN_SUSPICIOUS_MOVE = YES;
				CLANG_WARN_UNGUARDED_AVAILABILITY = YES_AGGRESSIVE;
				CLANG_WARN_UNREACHABLE_CODE = YES;
				CLANG_WARN__DUPLICATE_METHOD_MATCH = YES;
				COPY_PHASE_STRIP = NO;
				DEBUG_INFORMATION_FORMAT = dwarf;
				ENABLE_STRICT_OBJC_MSGSEND = YES;
				ENABLE_TESTABILITY = YES;
				GCC_C_LANGUAGE_STANDARD = gnu11;
				GCC_DYNAMIC_NO_PIC = NO;
				GCC_NO_COMMON_BLOCKS = YES;
				GCC_OPTIMIZATION_LEVEL = 0;
				GCC_PREPROCESSOR_DEFINITIONS = (
					"DEBUG=1",
					"$(inherited)",
				);
				GCC_WARN_64_TO_32_BIT_CONVERSION = YES;
				GCC_WARN_ABOUT_RETURN_TYPE = YES_ERROR;
				GCC_WARN_UNDECLARED_SELECTOR = YES;
				GCC_WARN_UNINITIALIZED_AUTOS = YES_AGGRESSIVE;
				GCC_WARN_UNUSED_FUNCTION = YES;
				GCC_WARN_UNUSED_VARIABLE = YES;
				MTL_ENABLE_DEBUG_INFO = INCLUDE_SOURCE;
				MTL_FAST_MATH = YES;
				ONLY_ACTIVE_ARCH = YES;
				SWIFT_ACTIVE_COMPILATION_CONDITIONS = DEBUG;
				SWIFT_OPTIMIZATION_LEVEL = "-Onone";
			};
			name = Debug;
		};
		FA6BF2752864D80B00050D5E /* Release */ = {
			isa = XCBuildConfiguration;
			buildSettings = {
				ALWAYS_SEARCH_USER_PATHS = NO;
				CLANG_ANALYZER_NONNULL = YES;
				CLANG_ANALYZER_NUMBER_OBJECT_CONVERSION = YES_AGGRESSIVE;
				CLANG_CXX_LANGUAGE_STANDARD = "gnu++17";
				CLANG_ENABLE_MODULES = YES;
				CLANG_ENABLE_OBJC_ARC = YES;
				CLANG_ENABLE_OBJC_WEAK = YES;
				CLANG_WARN_BLOCK_CAPTURE_AUTORELEASING = YES;
				CLANG_WARN_BOOL_CONVERSION = YES;
				CLANG_WARN_COMMA = YES;
				CLANG_WARN_CONSTANT_CONVERSION = YES;
				CLANG_WARN_DEPRECATED_OBJC_IMPLEMENTATIONS = YES;
				CLANG_WARN_DIRECT_OBJC_ISA_USAGE = YES_ERROR;
				CLANG_WARN_DOCUMENTATION_COMMENTS = YES;
				CLANG_WARN_EMPTY_BODY = YES;
				CLANG_WARN_ENUM_CONVERSION = YES;
				CLANG_WARN_INFINITE_RECURSION = YES;
				CLANG_WARN_INT_CONVERSION = YES;
				CLANG_WARN_NON_LITERAL_NULL_CONVERSION = YES;
				CLANG_WARN_OBJC_IMPLICIT_RETAIN_SELF = YES;
				CLANG_WARN_OBJC_LITERAL_CONVERSION = YES;
				CLANG_WARN_OBJC_ROOT_CLASS = YES_ERROR;
				CLANG_WARN_QUOTED_INCLUDE_IN_FRAMEWORK_HEADER = YES;
				CLANG_WARN_RANGE_LOOP_ANALYSIS = YES;
				CLANG_WARN_STRICT_PROTOTYPES = YES;
				CLANG_WARN_SUSPICIOUS_MOVE = YES;
				CLANG_WARN_UNGUARDED_AVAILABILITY = YES_AGGRESSIVE;
				CLANG_WARN_UNREACHABLE_CODE = YES;
				CLANG_WARN__DUPLICATE_METHOD_MATCH = YES;
				COPY_PHASE_STRIP = NO;
				DEBUG_INFORMATION_FORMAT = "dwarf-with-dsym";
				ENABLE_NS_ASSERTIONS = NO;
				ENABLE_STRICT_OBJC_MSGSEND = YES;
				GCC_C_LANGUAGE_STANDARD = gnu11;
				GCC_NO_COMMON_BLOCKS = YES;
				GCC_WARN_64_TO_32_BIT_CONVERSION = YES;
				GCC_WARN_ABOUT_RETURN_TYPE = YES_ERROR;
				GCC_WARN_UNDECLARED_SELECTOR = YES;
				GCC_WARN_UNINITIALIZED_AUTOS = YES_AGGRESSIVE;
				GCC_WARN_UNUSED_FUNCTION = YES;
				GCC_WARN_UNUSED_VARIABLE = YES;
				MTL_ENABLE_DEBUG_INFO = NO;
				MTL_FAST_MATH = YES;
				SWIFT_COMPILATION_MODE = wholemodule;
				SWIFT_OPTIMIZATION_LEVEL = "-O";
			};
			name = Release;
		};
		FA6BF2772864D80B00050D5E /* Debug */ = {
			isa = XCBuildConfiguration;
			buildSettings = {
				ASSETCATALOG_COMPILER_APPICON_NAME = AppIcon;
				ASSETCATALOG_COMPILER_GLOBAL_ACCENT_COLOR_NAME = AccentColor;
				CODE_SIGN_ENTITLEMENTS = NavigatingFood/NavigatingFood.entitlements;
				CODE_SIGN_STYLE = Automatic;
				CURRENT_PROJECT_VERSION = 1;
				DEVELOPMENT_ASSET_PATHS = "\"NavigatingFood/Preview Content\"";
				DEVELOPMENT_TEAM = GAW47D4MAE;
				ENABLE_HARDENED_RUNTIME = YES;
				ENABLE_PREVIEWS = YES;
				GENERATE_INFOPLIST_FILE = YES;
				"INFOPLIST_KEY_UILaunchScreen_Generation[sdk=iphoneos*]" = YES;
				"INFOPLIST_KEY_UILaunchScreen_Generation[sdk=iphonesimulator*]" = YES;
				INFOPLIST_KEY_UISupportedInterfaceOrientations_iPad = "UIInterfaceOrientationPortrait UIInterfaceOrientationPortraitUpsideDown UIInterfaceOrientationLandscapeLeft UIInterfaceOrientationLandscapeRight";
				INFOPLIST_KEY_UISupportedInterfaceOrientations_iPhone = "UIInterfaceOrientationPortrait UIInterfaceOrientationLandscapeLeft UIInterfaceOrientationLandscapeRight";
				IPHONEOS_DEPLOYMENT_TARGET = 16.0;
				LD_RUNPATH_SEARCH_PATHS = "@executable_path/Frameworks";
				"LD_RUNPATH_SEARCH_PATHS[sdk=macosx*]" = "@executable_path/../Frameworks";
				MACOSX_DEPLOYMENT_TARGET = 12.4;
				MARKETING_VERSION = 1.0;
				PRODUCT_BUNDLE_IDENTIFIER = com.c3.NavigatingFood;
				PRODUCT_NAME = "$(TARGET_NAME)";
				SDKROOT = auto;
				SUPPORTED_PLATFORMS = "iphoneos iphonesimulator macosx";
				SWIFT_EMIT_LOC_STRINGS = YES;
				SWIFT_VERSION = 5.0;
				TARGETED_DEVICE_FAMILY = "1,2";
			};
			name = Debug;
		};
		FA6BF2782864D80B00050D5E /* Release */ = {
			isa = XCBuildConfiguration;
			buildSettings = {
				ASSETCATALOG_COMPILER_APPICON_NAME = AppIcon;
				ASSETCATALOG_COMPILER_GLOBAL_ACCENT_COLOR_NAME = AccentColor;
				CODE_SIGN_ENTITLEMENTS = NavigatingFood/NavigatingFood.entitlements;
				CODE_SIGN_STYLE = Automatic;
				CURRENT_PROJECT_VERSION = 1;
				DEVELOPMENT_ASSET_PATHS = "\"NavigatingFood/Preview Content\"";
				DEVELOPMENT_TEAM = GAW47D4MAE;
				ENABLE_HARDENED_RUNTIME = YES;
				ENABLE_PREVIEWS = YES;
				GENERATE_INFOPLIST_FILE = YES;
				"INFOPLIST_KEY_UILaunchScreen_Generation[sdk=iphoneos*]" = YES;
				"INFOPLIST_KEY_UILaunchScreen_Generation[sdk=iphonesimulator*]" = YES;
				INFOPLIST_KEY_UISupportedInterfaceOrientations_iPad = "UIInterfaceOrientationPortrait UIInterfaceOrientationPortraitUpsideDown UIInterfaceOrientationLandscapeLeft UIInterfaceOrientationLandscapeRight";
				INFOPLIST_KEY_UISupportedInterfaceOrientations_iPhone = "UIInterfaceOrientationPortrait UIInterfaceOrientationLandscapeLeft UIInterfaceOrientationLandscapeRight";
				IPHONEOS_DEPLOYMENT_TARGET = 16.0;
				LD_RUNPATH_SEARCH_PATHS = "@executable_path/Frameworks";
				"LD_RUNPATH_SEARCH_PATHS[sdk=macosx*]" = "@executable_path/../Frameworks";
				MACOSX_DEPLOYMENT_TARGET = 12.4;
				MARKETING_VERSION = 1.0;
				PRODUCT_BUNDLE_IDENTIFIER = com.c3.NavigatingFood;
				PRODUCT_NAME = "$(TARGET_NAME)";
				SDKROOT = auto;
				SUPPORTED_PLATFORMS = "iphoneos iphonesimulator macosx";
				SWIFT_EMIT_LOC_STRINGS = YES;
				SWIFT_VERSION = 5.0;
				TARGETED_DEVICE_FAMILY = "1,2";
			};
			name = Release;
		};
		FA6BF27A2864D80B00050D5E /* Debug */ = {
			isa = XCBuildConfiguration;
			buildSettings = {
				ALWAYS_EMBED_SWIFT_STANDARD_LIBRARIES = YES;
				BUNDLE_LOADER = "$(TEST_HOST)";
				CODE_SIGN_STYLE = Automatic;
				CURRENT_PROJECT_VERSION = 1;
				DEVELOPMENT_TEAM = GAW47D4MAE;
				GENERATE_INFOPLIST_FILE = YES;
				IPHONEOS_DEPLOYMENT_TARGET = 16.0;
				MACOSX_DEPLOYMENT_TARGET = 12.4;
				MARKETING_VERSION = 1.0;
				PRODUCT_BUNDLE_IDENTIFIER = com.c3.NavigatingFoodTests;
				PRODUCT_NAME = "$(TARGET_NAME)";
				SDKROOT = auto;
				SUPPORTED_PLATFORMS = "iphoneos iphonesimulator macosx";
				SWIFT_EMIT_LOC_STRINGS = NO;
				SWIFT_VERSION = 5.0;
				TARGETED_DEVICE_FAMILY = "1,2";
				TEST_HOST = "$(BUILT_PRODUCTS_DIR)/NavigatingFood.app/$(BUNDLE_EXECUTABLE_FOLDER_PATH)/NavigatingFood";
			};
			name = Debug;
		};
		FA6BF27B2864D80B00050D5E /* Release */ = {
			isa = XCBuildConfiguration;
			buildSettings = {
				ALWAYS_EMBED_SWIFT_STANDARD_LIBRARIES = YES;
				BUNDLE_LOADER = "$(TEST_HOST)";
				CODE_SIGN_STYLE = Automatic;
				CURRENT_PROJECT_VERSION = 1;
				DEVELOPMENT_TEAM = GAW47D4MAE;
				GENERATE_INFOPLIST_FILE = YES;
				IPHONEOS_DEPLOYMENT_TARGET = 16.0;
				MACOSX_DEPLOYMENT_TARGET = 12.4;
				MARKETING_VERSION = 1.0;
				PRODUCT_BUNDLE_IDENTIFIER = com.c3.NavigatingFoodTests;
				PRODUCT_NAME = "$(TARGET_NAME)";
				SDKROOT = auto;
				SUPPORTED_PLATFORMS = "iphoneos iphonesimulator macosx";
				SWIFT_EMIT_LOC_STRINGS = NO;
				SWIFT_VERSION = 5.0;
				TARGETED_DEVICE_FAMILY = "1,2";
				TEST_HOST = "$(BUILT_PRODUCTS_DIR)/NavigatingFood.app/$(BUNDLE_EXECUTABLE_FOLDER_PATH)/NavigatingFood";
			};
			name = Release;
		};
		FA6BF27D2864D80B00050D5E /* Debug */ = {
			isa = XCBuildConfiguration;
			buildSettings = {
				ALWAYS_EMBED_SWIFT_STANDARD_LIBRARIES = YES;
				CODE_SIGN_STYLE = Automatic;
				CURRENT_PROJECT_VERSION = 1;
				DEVELOPMENT_TEAM = GAW47D4MAE;
				GENERATE_INFOPLIST_FILE = YES;
				IPHONEOS_DEPLOYMENT_TARGET = 16.0;
				MACOSX_DEPLOYMENT_TARGET = 12.4;
				MARKETING_VERSION = 1.0;
				PRODUCT_BUNDLE_IDENTIFIER = com.c3.NavigatingFoodUITests;
				PRODUCT_NAME = "$(TARGET_NAME)";
				SDKROOT = auto;
				SUPPORTED_PLATFORMS = "iphoneos iphonesimulator macosx";
				SWIFT_EMIT_LOC_STRINGS = NO;
				SWIFT_VERSION = 5.0;
				TARGETED_DEVICE_FAMILY = "1,2";
				TEST_TARGET_NAME = NavigatingFood;
			};
			name = Debug;
		};
		FA6BF27E2864D80B00050D5E /* Release */ = {
			isa = XCBuildConfiguration;
			buildSettings = {
				ALWAYS_EMBED_SWIFT_STANDARD_LIBRARIES = YES;
				CODE_SIGN_STYLE = Automatic;
				CURRENT_PROJECT_VERSION = 1;
				DEVELOPMENT_TEAM = GAW47D4MAE;
				GENERATE_INFOPLIST_FILE = YES;
				IPHONEOS_DEPLOYMENT_TARGET = 16.0;
				MACOSX_DEPLOYMENT_TARGET = 12.4;
				MARKETING_VERSION = 1.0;
				PRODUCT_BUNDLE_IDENTIFIER = com.c3.NavigatingFoodUITests;
				PRODUCT_NAME = "$(TARGET_NAME)";
				SDKROOT = auto;
				SUPPORTED_PLATFORMS = "iphoneos iphonesimulator macosx";
				SWIFT_EMIT_LOC_STRINGS = NO;
				SWIFT_VERSION = 5.0;
				TARGETED_DEVICE_FAMILY = "1,2";
				TEST_TARGET_NAME = NavigatingFood;
			};
			name = Release;
		};
/* End XCBuildConfiguration section */

/* Begin XCConfigurationList section */
		FA6BF24C2864D80A00050D5E /* Build configuration list for PBXProject "NavigatingFood" */ = {
			isa = XCConfigurationList;
			buildConfigurations = (
				FA6BF2742864D80B00050D5E /* Debug */,
				FA6BF2752864D80B00050D5E /* Release */,
			);
			defaultConfigurationIsVisible = 0;
			defaultConfigurationName = Release;
		};
		FA6BF2762864D80B00050D5E /* Build configuration list for PBXNativeTarget "NavigatingFood" */ = {
			isa = XCConfigurationList;
			buildConfigurations = (
				FA6BF2772864D80B00050D5E /* Debug */,
				FA6BF2782864D80B00050D5E /* Release */,
			);
			defaultConfigurationIsVisible = 0;
			defaultConfigurationName = Release;
		};
		FA6BF2792864D80B00050D5E /* Build configuration list for PBXNativeTarget "NavigatingFoodTests" */ = {
			isa = XCConfigurationList;
			buildConfigurations = (
				FA6BF27A2864D80B00050D5E /* Debug */,
				FA6BF27B2864D80B00050D5E /* Release */,
			);
			defaultConfigurationIsVisible = 0;
			defaultConfigurationName = Release;
		};
		FA6BF27C2864D80B00050D5E /* Build configuration list for PBXNativeTarget "NavigatingFoodUITests" */ = {
			isa = XCConfigurationList;
			buildConfigurations = (
				FA6BF27D2864D80B00050D5E /* Debug */,
				FA6BF27E2864D80B00050D5E /* Release */,
			);
			defaultConfigurationIsVisible = 0;
			defaultConfigurationName = Release;
		};
/* End XCConfigurationList section */
	};
	rootObject = FA6BF2492864D80A00050D5E /* Project object */;
}
